// !$*UTF8*$!
{
	archiveVersion = 1;
	classes = {
	};
	objectVersion = 50;
	objects = {

/* Begin PBXBuildFile section */
		3F8354D5222F1D4600BFA45E /* Rainbow Trout (Cleaned).png in Resources */ = {isa = PBXBuildFile; fileRef = 3F8354CA222F1D4500BFA45E /* Rainbow Trout (Cleaned).png */; };
		3F8354D6222F1D4600BFA45E /* Steelhead Trout (Cleaned).png in Resources */ = {isa = PBXBuildFile; fileRef = 3F8354CB222F1D4500BFA45E /* Steelhead Trout (Cleaned).png */; };
		3F8354D7222F1D4600BFA45E /* Atlantic Salmon (Cleaned).png in Resources */ = {isa = PBXBuildFile; fileRef = 3F8354CC222F1D4500BFA45E /* Atlantic Salmon (Cleaned).png */; };
		3F8354D8222F1D4600BFA45E /* Walleye.png in Resources */ = {isa = PBXBuildFile; fileRef = 3F8354CD222F1D4500BFA45E /* Walleye.png */; };
		3F8354D9222F1D4600BFA45E /* Lake Trout (Cleaned).png in Resources */ = {isa = PBXBuildFile; fileRef = 3F8354CE222F1D4500BFA45E /* Lake Trout (Cleaned).png */; };
		3F8354DA222F1D4600BFA45E /* Muskellunge.png in Resources */ = {isa = PBXBuildFile; fileRef = 3F8354CF222F1D4500BFA45E /* Muskellunge.png */; };
		3F8354DB222F1D4600BFA45E /* Coho Salmon (Cleaned).png in Resources */ = {isa = PBXBuildFile; fileRef = 3F8354D0222F1D4500BFA45E /* Coho Salmon (Cleaned).png */; };
		3F8354DC222F1D4600BFA45E /* Brown Trout (Cleaned).png in Resources */ = {isa = PBXBuildFile; fileRef = 3F8354D1222F1D4500BFA45E /* Brown Trout (Cleaned).png */; };
		3F8354DD222F1D4600BFA45E /* Brook Trout (Cleaned).png in Resources */ = {isa = PBXBuildFile; fileRef = 3F8354D2222F1D4600BFA45E /* Brook Trout (Cleaned).png */; };
		3F8354DE222F1D4600BFA45E /* Chinook Salmon (Cleaned).png in Resources */ = {isa = PBXBuildFile; fileRef = 3F8354D3222F1D4600BFA45E /* Chinook Salmon (Cleaned).png */; };
		3F8354DF222F1D4600BFA45E /* Lake Sturgeon.png in Resources */ = {isa = PBXBuildFile; fileRef = 3F8354D4222F1D4600BFA45E /* Lake Sturgeon.png */; };
		3FFC79B3224FE3B3009F9DCF /* image43.jpg in Resources */ = {isa = PBXBuildFile; fileRef = 3FFC796E224FE3A5009F9DCF /* image43.jpg */; };
		3FFC79B4224FE3B3009F9DCF /* image24.jpg in Resources */ = {isa = PBXBuildFile; fileRef = 3FFC796F224FE3A5009F9DCF /* image24.jpg */; };
		3FFC79B5224FE3B3009F9DCF /* image37.jpg in Resources */ = {isa = PBXBuildFile; fileRef = 3FFC7970224FE3A5009F9DCF /* image37.jpg */; };
		3FFC79B6224FE3B3009F9DCF /* image51.jpg in Resources */ = {isa = PBXBuildFile; fileRef = 3FFC7971224FE3A5009F9DCF /* image51.jpg */; };
		3FFC79B7224FE3B3009F9DCF /* image22.jpg in Resources */ = {isa = PBXBuildFile; fileRef = 3FFC7972224FE3A5009F9DCF /* image22.jpg */; };
		3FFC79B8224FE3B3009F9DCF /* image5.jpg in Resources */ = {isa = PBXBuildFile; fileRef = 3FFC7973224FE3A5009F9DCF /* image5.jpg */; };
		3FFC79B9224FE3B3009F9DCF /* image35.jpg in Resources */ = {isa = PBXBuildFile; fileRef = 3FFC7974224FE3A6009F9DCF /* image35.jpg */; };
		3FFC79BA224FE3B3009F9DCF /* image9.jpg in Resources */ = {isa = PBXBuildFile; fileRef = 3FFC7975224FE3A6009F9DCF /* image9.jpg */; };
		3FFC79BB224FE3B3009F9DCF /* image6.jpg in Resources */ = {isa = PBXBuildFile; fileRef = 3FFC7976224FE3A6009F9DCF /* image6.jpg */; };
		3FFC79BC224FE3B3009F9DCF /* image59.jpg in Resources */ = {isa = PBXBuildFile; fileRef = 3FFC7977224FE3A6009F9DCF /* image59.jpg */; };
		3FFC79BD224FE3B3009F9DCF /* image68.jpg in Resources */ = {isa = PBXBuildFile; fileRef = 3FFC7978224FE3A6009F9DCF /* image68.jpg */; };
		3FFC79BE224FE3B3009F9DCF /* image55.jpg in Resources */ = {isa = PBXBuildFile; fileRef = 3FFC7979224FE3A6009F9DCF /* image55.jpg */; };
		3FFC79BF224FE3B3009F9DCF /* image57.png in Resources */ = {isa = PBXBuildFile; fileRef = 3FFC797A224FE3A7009F9DCF /* image57.png */; };
		3FFC79C0224FE3B3009F9DCF /* image69.jpg in Resources */ = {isa = PBXBuildFile; fileRef = 3FFC797B224FE3A7009F9DCF /* image69.jpg */; };
		3FFC79C1224FE3B3009F9DCF /* image33.jpg in Resources */ = {isa = PBXBuildFile; fileRef = 3FFC797C224FE3A7009F9DCF /* image33.jpg */; };
		3FFC79C2224FE3B3009F9DCF /* image34.jpg in Resources */ = {isa = PBXBuildFile; fileRef = 3FFC797D224FE3A7009F9DCF /* image34.jpg */; };
		3FFC79C3224FE3B3009F9DCF /* image1.jpg in Resources */ = {isa = PBXBuildFile; fileRef = 3FFC797E224FE3A7009F9DCF /* image1.jpg */; };
		3FFC79C4224FE3B3009F9DCF /* image16.png in Resources */ = {isa = PBXBuildFile; fileRef = 3FFC797F224FE3A7009F9DCF /* image16.png */; };
		3FFC79C5224FE3B3009F9DCF /* image31.jpg in Resources */ = {isa = PBXBuildFile; fileRef = 3FFC7980224FE3A7009F9DCF /* image31.jpg */; };
		3FFC79C6224FE3B3009F9DCF /* image26.jpg in Resources */ = {isa = PBXBuildFile; fileRef = 3FFC7981224FE3A8009F9DCF /* image26.jpg */; };
		3FFC79C7224FE3B3009F9DCF /* image17.png in Resources */ = {isa = PBXBuildFile; fileRef = 3FFC7982224FE3A8009F9DCF /* image17.png */; };
		3FFC79C8224FE3B3009F9DCF /* image52.png in Resources */ = {isa = PBXBuildFile; fileRef = 3FFC7983224FE3A8009F9DCF /* image52.png */; };
		3FFC79C9224FE3B3009F9DCF /* image67.jpg in Resources */ = {isa = PBXBuildFile; fileRef = 3FFC7984224FE3A8009F9DCF /* image67.jpg */; };
		3FFC79CA224FE3B3009F9DCF /* image32.jpg in Resources */ = {isa = PBXBuildFile; fileRef = 3FFC7985224FE3A8009F9DCF /* image32.jpg */; };
		3FFC79CB224FE3B3009F9DCF /* image21.jpg in Resources */ = {isa = PBXBuildFile; fileRef = 3FFC7986224FE3A9009F9DCF /* image21.jpg */; };
		3FFC79CC224FE3B3009F9DCF /* image13.png in Resources */ = {isa = PBXBuildFile; fileRef = 3FFC7987224FE3A9009F9DCF /* image13.png */; };
		3FFC79CD224FE3B3009F9DCF /* image30.jpg in Resources */ = {isa = PBXBuildFile; fileRef = 3FFC7988224FE3A9009F9DCF /* image30.jpg */; };
		3FFC79CE224FE3B3009F9DCF /* image20.jpg in Resources */ = {isa = PBXBuildFile; fileRef = 3FFC7989224FE3A9009F9DCF /* image20.jpg */; };
		3FFC79CF224FE3B3009F9DCF /* image27.jpg in Resources */ = {isa = PBXBuildFile; fileRef = 3FFC798A224FE3AA009F9DCF /* image27.jpg */; };
		3FFC79D0224FE3B3009F9DCF /* image29.jpg in Resources */ = {isa = PBXBuildFile; fileRef = 3FFC798B224FE3AA009F9DCF /* image29.jpg */; };
		3FFC79D1224FE3B3009F9DCF /* image62.jpg in Resources */ = {isa = PBXBuildFile; fileRef = 3FFC798C224FE3AA009F9DCF /* image62.jpg */; };
		3FFC79D2224FE3B3009F9DCF /* image18.jpg in Resources */ = {isa = PBXBuildFile; fileRef = 3FFC798D224FE3AA009F9DCF /* image18.jpg */; };
		3FFC79D3224FE3B3009F9DCF /* image53.png in Resources */ = {isa = PBXBuildFile; fileRef = 3FFC798E224FE3AB009F9DCF /* image53.png */; };
		3FFC79D4224FE3B3009F9DCF /* image61.jpg in Resources */ = {isa = PBXBuildFile; fileRef = 3FFC798F224FE3AB009F9DCF /* image61.jpg */; };
		3FFC79D5224FE3B3009F9DCF /* image36.jpg in Resources */ = {isa = PBXBuildFile; fileRef = 3FFC7990224FE3AB009F9DCF /* image36.jpg */; };
		3FFC79D6224FE3B3009F9DCF /* image12.png in Resources */ = {isa = PBXBuildFile; fileRef = 3FFC7991224FE3AB009F9DCF /* image12.png */; };
		3FFC79D7224FE3B3009F9DCF /* image49.jpg in Resources */ = {isa = PBXBuildFile; fileRef = 3FFC7992224FE3AB009F9DCF /* image49.jpg */; };
		3FFC79D8224FE3B3009F9DCF /* image54.jpg in Resources */ = {isa = PBXBuildFile; fileRef = 3FFC7993224FE3AC009F9DCF /* image54.jpg */; };
		3FFC79D9224FE3B3009F9DCF /* image40.jpg in Resources */ = {isa = PBXBuildFile; fileRef = 3FFC7994224FE3AC009F9DCF /* image40.jpg */; };
		3FFC79DA224FE3B3009F9DCF /* image46.jpg in Resources */ = {isa = PBXBuildFile; fileRef = 3FFC7995224FE3AC009F9DCF /* image46.jpg */; };
		3FFC79DB224FE3B3009F9DCF /* image38.jpg in Resources */ = {isa = PBXBuildFile; fileRef = 3FFC7996224FE3AC009F9DCF /* image38.jpg */; };
		3FFC79DC224FE3B3009F9DCF /* image14.png in Resources */ = {isa = PBXBuildFile; fileRef = 3FFC7997224FE3AD009F9DCF /* image14.png */; };
		3FFC79DD224FE3B3009F9DCF /* image60.jpg in Resources */ = {isa = PBXBuildFile; fileRef = 3FFC7998224FE3AD009F9DCF /* image60.jpg */; };
		3FFC79DE224FE3B3009F9DCF /* image66.jpg in Resources */ = {isa = PBXBuildFile; fileRef = 3FFC7999224FE3AD009F9DCF /* image66.jpg */; };
		3FFC79DF224FE3B3009F9DCF /* image48.jpg in Resources */ = {isa = PBXBuildFile; fileRef = 3FFC799A224FE3AD009F9DCF /* image48.jpg */; };
		3FFC79E0224FE3B3009F9DCF /* image63.jpg in Resources */ = {isa = PBXBuildFile; fileRef = 3FFC799B224FE3AE009F9DCF /* image63.jpg */; };
		3FFC79E1224FE3B3009F9DCF /* image25.jpg in Resources */ = {isa = PBXBuildFile; fileRef = 3FFC799C224FE3AE009F9DCF /* image25.jpg */; };
		3FFC79E2224FE3B3009F9DCF /* image4.jpg in Resources */ = {isa = PBXBuildFile; fileRef = 3FFC799D224FE3AE009F9DCF /* image4.jpg */; };
		3FFC79E3224FE3B3009F9DCF /* image7.jpg in Resources */ = {isa = PBXBuildFile; fileRef = 3FFC799E224FE3AE009F9DCF /* image7.jpg */; };
		3FFC79E4224FE3B3009F9DCF /* image42.jpg in Resources */ = {isa = PBXBuildFile; fileRef = 3FFC799F224FE3AE009F9DCF /* image42.jpg */; };
		3FFC79E5224FE3B3009F9DCF /* image44.jpg in Resources */ = {isa = PBXBuildFile; fileRef = 3FFC79A0224FE3AF009F9DCF /* image44.jpg */; };
		3FFC79E6224FE3B3009F9DCF /* image50.jpg in Resources */ = {isa = PBXBuildFile; fileRef = 3FFC79A1224FE3AF009F9DCF /* image50.jpg */; };
		3FFC79E7224FE3B3009F9DCF /* image56.jpg in Resources */ = {isa = PBXBuildFile; fileRef = 3FFC79A2224FE3AF009F9DCF /* image56.jpg */; };
		3FFC79E8224FE3B3009F9DCF /* image11.png in Resources */ = {isa = PBXBuildFile; fileRef = 3FFC79A3224FE3AF009F9DCF /* image11.png */; };
		3FFC79E9224FE3B3009F9DCF /* image65.jpg in Resources */ = {isa = PBXBuildFile; fileRef = 3FFC79A4224FE3AF009F9DCF /* image65.jpg */; };
		3FFC79EA224FE3B3009F9DCF /* image19.jpg in Resources */ = {isa = PBXBuildFile; fileRef = 3FFC79A5224FE3B0009F9DCF /* image19.jpg */; };
		3FFC79EB224FE3B3009F9DCF /* image8.jpg in Resources */ = {isa = PBXBuildFile; fileRef = 3FFC79A6224FE3B0009F9DCF /* image8.jpg */; };
		3FFC79EC224FE3B3009F9DCF /* image23.jpg in Resources */ = {isa = PBXBuildFile; fileRef = 3FFC79A7224FE3B0009F9DCF /* image23.jpg */; };
		3FFC79ED224FE3B3009F9DCF /* image15.png in Resources */ = {isa = PBXBuildFile; fileRef = 3FFC79A8224FE3B0009F9DCF /* image15.png */; };
		3FFC79EE224FE3B3009F9DCF /* image47.jpg in Resources */ = {isa = PBXBuildFile; fileRef = 3FFC79A9224FE3B1009F9DCF /* image47.jpg */; };
		3FFC79EF224FE3B3009F9DCF /* image2.jpg in Resources */ = {isa = PBXBuildFile; fileRef = 3FFC79AA224FE3B1009F9DCF /* image2.jpg */; };
		3FFC79F0224FE3B3009F9DCF /* image10.jpg in Resources */ = {isa = PBXBuildFile; fileRef = 3FFC79AB224FE3B1009F9DCF /* image10.jpg */; };
		3FFC79F1224FE3B3009F9DCF /* image41.jpg in Resources */ = {isa = PBXBuildFile; fileRef = 3FFC79AC224FE3B1009F9DCF /* image41.jpg */; };
		3FFC79F2224FE3B3009F9DCF /* image45.jpg in Resources */ = {isa = PBXBuildFile; fileRef = 3FFC79AD224FE3B2009F9DCF /* image45.jpg */; };
		3FFC79F3224FE3B3009F9DCF /* image39.jpg in Resources */ = {isa = PBXBuildFile; fileRef = 3FFC79AE224FE3B2009F9DCF /* image39.jpg */; };
		3FFC79F4224FE3B3009F9DCF /* image64.jpg in Resources */ = {isa = PBXBuildFile; fileRef = 3FFC79AF224FE3B2009F9DCF /* image64.jpg */; };
		3FFC79F5224FE3B3009F9DCF /* image3.jpg in Resources */ = {isa = PBXBuildFile; fileRef = 3FFC79B0224FE3B2009F9DCF /* image3.jpg */; };
		3FFC79F6224FE3B3009F9DCF /* image28.jpg in Resources */ = {isa = PBXBuildFile; fileRef = 3FFC79B1224FE3B2009F9DCF /* image28.jpg */; };
		3FFC79F7224FE3B3009F9DCF /* image58.jpg in Resources */ = {isa = PBXBuildFile; fileRef = 3FFC79B2224FE3B3009F9DCF /* image58.jpg */; };
		3FFC79F922502E22009F9DCF /* AtlanticSalmonPage.swift in Sources */ = {isa = PBXBuildFile; fileRef = 3FFC79F822502E22009F9DCF /* AtlanticSalmonPage.swift */; };
		3FFC79FB225039DC009F9DCF /* BrookTroutPage.swift in Sources */ = {isa = PBXBuildFile; fileRef = 3FFC79FA225039DC009F9DCF /* BrookTroutPage.swift */; };
		3FFC79FD22503A16009F9DCF /* BrownTroutPage.swift in Sources */ = {isa = PBXBuildFile; fileRef = 3FFC79FC22503A16009F9DCF /* BrownTroutPage.swift */; };
		3FFC79FF22503A3D009F9DCF /* ChinookSalmonPage.swift in Sources */ = {isa = PBXBuildFile; fileRef = 3FFC79FE22503A3D009F9DCF /* ChinookSalmonPage.swift */; };
		3FFC7A0122503A5F009F9DCF /* CohoSalmonPage.swift in Sources */ = {isa = PBXBuildFile; fileRef = 3FFC7A0022503A5F009F9DCF /* CohoSalmonPage.swift */; };
		3FFC7A0322503A90009F9DCF /* LakeSturgeonPage.swift in Sources */ = {isa = PBXBuildFile; fileRef = 3FFC7A0222503A90009F9DCF /* LakeSturgeonPage.swift */; };
		3FFC7A0522503AB4009F9DCF /* LakeTroutPage.swift in Sources */ = {isa = PBXBuildFile; fileRef = 3FFC7A0422503AB4009F9DCF /* LakeTroutPage.swift */; };
		3FFC7A0722503AD9009F9DCF /* MuskellungePage.swift in Sources */ = {isa = PBXBuildFile; fileRef = 3FFC7A0622503AD9009F9DCF /* MuskellungePage.swift */; };
		3FFC7A0922503AFE009F9DCF /* RainbowTroutPage.swift in Sources */ = {isa = PBXBuildFile; fileRef = 3FFC7A0822503AFE009F9DCF /* RainbowTroutPage.swift */; };
		3FFC7A0B22503B21009F9DCF /* SteelheadTroutPage.swift in Sources */ = {isa = PBXBuildFile; fileRef = 3FFC7A0A22503B21009F9DCF /* SteelheadTroutPage.swift */; };
		3FFC7A0D22503B40009F9DCF /* WalleyePage.swift in Sources */ = {isa = PBXBuildFile; fileRef = 3FFC7A0C22503B40009F9DCF /* WalleyePage.swift */; };
		3FFE84F22218A05700FA379E /* underwater.png in Resources */ = {isa = PBXBuildFile; fileRef = 3FFE84F12218A05700FA379E /* underwater.png */; };
		BCAD7DDE2206244F000011E5 /* AppDelegate.swift in Sources */ = {isa = PBXBuildFile; fileRef = BCAD7DDD2206244F000011E5 /* AppDelegate.swift */; };
		BCAD7DE02206244F000011E5 /* ViewController.swift in Sources */ = {isa = PBXBuildFile; fileRef = BCAD7DDF2206244F000011E5 /* ViewController.swift */; };
		BCAD7DE32206244F000011E5 /* Main.storyboard in Resources */ = {isa = PBXBuildFile; fileRef = BCAD7DE12206244F000011E5 /* Main.storyboard */; };
		BCAD7DE522062451000011E5 /* Assets in Resources */ = {isa = PBXBuildFile; fileRef = BCAD7DE422062451000011E5 /* Assets */; };
		BCAD7DE822062451000011E5 /* LaunchScreen.storyboard in Resources */ = {isa = PBXBuildFile; fileRef = BCAD7DE622062451000011E5 /* LaunchScreen.storyboard */; };
		BCB534FD224178F9006A8766 /* PuzzleView.xib in Resources */ = {isa = PBXBuildFile; fileRef = BCB534FC224178F9006A8766 /* PuzzleView.xib */; };
		BCB534FF2241793F006A8766 /* PuzzleView.swift in Sources */ = {isa = PBXBuildFile; fileRef = BCB534FE2241793F006A8766 /* PuzzleView.swift */; };
/* End PBXBuildFile section */

/* Begin PBXFileReference section */
		3F8354CA222F1D4500BFA45E /* Rainbow Trout (Cleaned).png */ = {isa = PBXFileReference; lastKnownFileType = image.png; path = "Rainbow Trout (Cleaned).png"; sourceTree = "<group>"; };
		3F8354CB222F1D4500BFA45E /* Steelhead Trout (Cleaned).png */ = {isa = PBXFileReference; lastKnownFileType = image.png; path = "Steelhead Trout (Cleaned).png"; sourceTree = "<group>"; };
		3F8354CC222F1D4500BFA45E /* Atlantic Salmon (Cleaned).png */ = {isa = PBXFileReference; lastKnownFileType = image.png; path = "Atlantic Salmon (Cleaned).png"; sourceTree = "<group>"; };
		3F8354CD222F1D4500BFA45E /* Walleye.png */ = {isa = PBXFileReference; lastKnownFileType = image.png; path = Walleye.png; sourceTree = "<group>"; };
		3F8354CE222F1D4500BFA45E /* Lake Trout (Cleaned).png */ = {isa = PBXFileReference; lastKnownFileType = image.png; path = "Lake Trout (Cleaned).png"; sourceTree = "<group>"; };
		3F8354CF222F1D4500BFA45E /* Muskellunge.png */ = {isa = PBXFileReference; lastKnownFileType = image.png; path = Muskellunge.png; sourceTree = "<group>"; };
		3F8354D0222F1D4500BFA45E /* Coho Salmon (Cleaned).png */ = {isa = PBXFileReference; lastKnownFileType = image.png; path = "Coho Salmon (Cleaned).png"; sourceTree = "<group>"; };
		3F8354D1222F1D4500BFA45E /* Brown Trout (Cleaned).png */ = {isa = PBXFileReference; lastKnownFileType = image.png; path = "Brown Trout (Cleaned).png"; sourceTree = "<group>"; };
		3F8354D2222F1D4600BFA45E /* Brook Trout (Cleaned).png */ = {isa = PBXFileReference; lastKnownFileType = image.png; path = "Brook Trout (Cleaned).png"; sourceTree = "<group>"; };
		3F8354D3222F1D4600BFA45E /* Chinook Salmon (Cleaned).png */ = {isa = PBXFileReference; lastKnownFileType = image.png; path = "Chinook Salmon (Cleaned).png"; sourceTree = "<group>"; };
		3F8354D4222F1D4600BFA45E /* Lake Sturgeon.png */ = {isa = PBXFileReference; lastKnownFileType = image.png; path = "Lake Sturgeon.png"; sourceTree = "<group>"; };
		3FFC796E224FE3A5009F9DCF /* image43.jpg */ = {isa = PBXFileReference; lastKnownFileType = image.jpeg; path = image43.jpg; sourceTree = "<group>"; };
		3FFC796F224FE3A5009F9DCF /* image24.jpg */ = {isa = PBXFileReference; lastKnownFileType = image.jpeg; path = image24.jpg; sourceTree = "<group>"; };
		3FFC7970224FE3A5009F9DCF /* image37.jpg */ = {isa = PBXFileReference; lastKnownFileType = image.jpeg; path = image37.jpg; sourceTree = "<group>"; };
		3FFC7971224FE3A5009F9DCF /* image51.jpg */ = {isa = PBXFileReference; lastKnownFileType = image.jpeg; path = image51.jpg; sourceTree = "<group>"; };
		3FFC7972224FE3A5009F9DCF /* image22.jpg */ = {isa = PBXFileReference; lastKnownFileType = image.jpeg; path = image22.jpg; sourceTree = "<group>"; };
		3FFC7973224FE3A5009F9DCF /* image5.jpg */ = {isa = PBXFileReference; lastKnownFileType = image.jpeg; path = image5.jpg; sourceTree = "<group>"; };
		3FFC7974224FE3A6009F9DCF /* image35.jpg */ = {isa = PBXFileReference; lastKnownFileType = image.jpeg; path = image35.jpg; sourceTree = "<group>"; };
		3FFC7975224FE3A6009F9DCF /* image9.jpg */ = {isa = PBXFileReference; lastKnownFileType = image.jpeg; path = image9.jpg; sourceTree = "<group>"; };
		3FFC7976224FE3A6009F9DCF /* image6.jpg */ = {isa = PBXFileReference; lastKnownFileType = image.jpeg; path = image6.jpg; sourceTree = "<group>"; };
		3FFC7977224FE3A6009F9DCF /* image59.jpg */ = {isa = PBXFileReference; lastKnownFileType = image.jpeg; path = image59.jpg; sourceTree = "<group>"; };
		3FFC7978224FE3A6009F9DCF /* image68.jpg */ = {isa = PBXFileReference; lastKnownFileType = image.jpeg; path = image68.jpg; sourceTree = "<group>"; };
		3FFC7979224FE3A6009F9DCF /* image55.jpg */ = {isa = PBXFileReference; lastKnownFileType = image.jpeg; path = image55.jpg; sourceTree = "<group>"; };
		3FFC797A224FE3A7009F9DCF /* image57.png */ = {isa = PBXFileReference; lastKnownFileType = image.png; path = image57.png; sourceTree = "<group>"; };
		3FFC797B224FE3A7009F9DCF /* image69.jpg */ = {isa = PBXFileReference; lastKnownFileType = image.jpeg; path = image69.jpg; sourceTree = "<group>"; };
		3FFC797C224FE3A7009F9DCF /* image33.jpg */ = {isa = PBXFileReference; lastKnownFileType = image.jpeg; path = image33.jpg; sourceTree = "<group>"; };
		3FFC797D224FE3A7009F9DCF /* image34.jpg */ = {isa = PBXFileReference; lastKnownFileType = image.jpeg; path = image34.jpg; sourceTree = "<group>"; };
		3FFC797E224FE3A7009F9DCF /* image1.jpg */ = {isa = PBXFileReference; lastKnownFileType = image.jpeg; path = image1.jpg; sourceTree = "<group>"; };
		3FFC797F224FE3A7009F9DCF /* image16.png */ = {isa = PBXFileReference; lastKnownFileType = image.png; path = image16.png; sourceTree = "<group>"; };
		3FFC7980224FE3A7009F9DCF /* image31.jpg */ = {isa = PBXFileReference; lastKnownFileType = image.jpeg; path = image31.jpg; sourceTree = "<group>"; };
		3FFC7981224FE3A8009F9DCF /* image26.jpg */ = {isa = PBXFileReference; lastKnownFileType = image.jpeg; path = image26.jpg; sourceTree = "<group>"; };
		3FFC7982224FE3A8009F9DCF /* image17.png */ = {isa = PBXFileReference; lastKnownFileType = image.png; path = image17.png; sourceTree = "<group>"; };
		3FFC7983224FE3A8009F9DCF /* image52.png */ = {isa = PBXFileReference; lastKnownFileType = image.png; path = image52.png; sourceTree = "<group>"; };
		3FFC7984224FE3A8009F9DCF /* image67.jpg */ = {isa = PBXFileReference; lastKnownFileType = image.jpeg; path = image67.jpg; sourceTree = "<group>"; };
		3FFC7985224FE3A8009F9DCF /* image32.jpg */ = {isa = PBXFileReference; lastKnownFileType = image.jpeg; path = image32.jpg; sourceTree = "<group>"; };
		3FFC7986224FE3A9009F9DCF /* image21.jpg */ = {isa = PBXFileReference; lastKnownFileType = image.jpeg; path = image21.jpg; sourceTree = "<group>"; };
		3FFC7987224FE3A9009F9DCF /* image13.png */ = {isa = PBXFileReference; lastKnownFileType = image.png; path = image13.png; sourceTree = "<group>"; };
		3FFC7988224FE3A9009F9DCF /* image30.jpg */ = {isa = PBXFileReference; lastKnownFileType = image.jpeg; path = image30.jpg; sourceTree = "<group>"; };
		3FFC7989224FE3A9009F9DCF /* image20.jpg */ = {isa = PBXFileReference; lastKnownFileType = image.jpeg; path = image20.jpg; sourceTree = "<group>"; };
		3FFC798A224FE3AA009F9DCF /* image27.jpg */ = {isa = PBXFileReference; lastKnownFileType = image.jpeg; path = image27.jpg; sourceTree = "<group>"; };
		3FFC798B224FE3AA009F9DCF /* image29.jpg */ = {isa = PBXFileReference; lastKnownFileType = image.jpeg; path = image29.jpg; sourceTree = "<group>"; };
		3FFC798C224FE3AA009F9DCF /* image62.jpg */ = {isa = PBXFileReference; lastKnownFileType = image.jpeg; path = image62.jpg; sourceTree = "<group>"; };
		3FFC798D224FE3AA009F9DCF /* image18.jpg */ = {isa = PBXFileReference; lastKnownFileType = image.jpeg; path = image18.jpg; sourceTree = "<group>"; };
		3FFC798E224FE3AB009F9DCF /* image53.png */ = {isa = PBXFileReference; lastKnownFileType = image.png; path = image53.png; sourceTree = "<group>"; };
		3FFC798F224FE3AB009F9DCF /* image61.jpg */ = {isa = PBXFileReference; lastKnownFileType = image.jpeg; path = image61.jpg; sourceTree = "<group>"; };
		3FFC7990224FE3AB009F9DCF /* image36.jpg */ = {isa = PBXFileReference; lastKnownFileType = image.jpeg; path = image36.jpg; sourceTree = "<group>"; };
		3FFC7991224FE3AB009F9DCF /* image12.png */ = {isa = PBXFileReference; lastKnownFileType = image.png; path = image12.png; sourceTree = "<group>"; };
		3FFC7992224FE3AB009F9DCF /* image49.jpg */ = {isa = PBXFileReference; lastKnownFileType = image.jpeg; path = image49.jpg; sourceTree = "<group>"; };
		3FFC7993224FE3AC009F9DCF /* image54.jpg */ = {isa = PBXFileReference; lastKnownFileType = image.jpeg; path = image54.jpg; sourceTree = "<group>"; };
		3FFC7994224FE3AC009F9DCF /* image40.jpg */ = {isa = PBXFileReference; lastKnownFileType = image.jpeg; path = image40.jpg; sourceTree = "<group>"; };
		3FFC7995224FE3AC009F9DCF /* image46.jpg */ = {isa = PBXFileReference; lastKnownFileType = image.jpeg; path = image46.jpg; sourceTree = "<group>"; };
		3FFC7996224FE3AC009F9DCF /* image38.jpg */ = {isa = PBXFileReference; lastKnownFileType = image.jpeg; path = image38.jpg; sourceTree = "<group>"; };
		3FFC7997224FE3AD009F9DCF /* image14.png */ = {isa = PBXFileReference; lastKnownFileType = image.png; path = image14.png; sourceTree = "<group>"; };
		3FFC7998224FE3AD009F9DCF /* image60.jpg */ = {isa = PBXFileReference; lastKnownFileType = image.jpeg; path = image60.jpg; sourceTree = "<group>"; };
		3FFC7999224FE3AD009F9DCF /* image66.jpg */ = {isa = PBXFileReference; lastKnownFileType = image.jpeg; path = image66.jpg; sourceTree = "<group>"; };
		3FFC799A224FE3AD009F9DCF /* image48.jpg */ = {isa = PBXFileReference; lastKnownFileType = image.jpeg; path = image48.jpg; sourceTree = "<group>"; };
		3FFC799B224FE3AE009F9DCF /* image63.jpg */ = {isa = PBXFileReference; lastKnownFileType = image.jpeg; path = image63.jpg; sourceTree = "<group>"; };
		3FFC799C224FE3AE009F9DCF /* image25.jpg */ = {isa = PBXFileReference; lastKnownFileType = image.jpeg; path = image25.jpg; sourceTree = "<group>"; };
		3FFC799D224FE3AE009F9DCF /* image4.jpg */ = {isa = PBXFileReference; lastKnownFileType = image.jpeg; path = image4.jpg; sourceTree = "<group>"; };
		3FFC799E224FE3AE009F9DCF /* image7.jpg */ = {isa = PBXFileReference; lastKnownFileType = image.jpeg; path = image7.jpg; sourceTree = "<group>"; };
		3FFC799F224FE3AE009F9DCF /* image42.jpg */ = {isa = PBXFileReference; lastKnownFileType = image.jpeg; path = image42.jpg; sourceTree = "<group>"; };
		3FFC79A0224FE3AF009F9DCF /* image44.jpg */ = {isa = PBXFileReference; lastKnownFileType = image.jpeg; path = image44.jpg; sourceTree = "<group>"; };
		3FFC79A1224FE3AF009F9DCF /* image50.jpg */ = {isa = PBXFileReference; lastKnownFileType = image.jpeg; path = image50.jpg; sourceTree = "<group>"; };
		3FFC79A2224FE3AF009F9DCF /* image56.jpg */ = {isa = PBXFileReference; lastKnownFileType = image.jpeg; path = image56.jpg; sourceTree = "<group>"; };
		3FFC79A3224FE3AF009F9DCF /* image11.png */ = {isa = PBXFileReference; lastKnownFileType = image.png; path = image11.png; sourceTree = "<group>"; };
		3FFC79A4224FE3AF009F9DCF /* image65.jpg */ = {isa = PBXFileReference; lastKnownFileType = image.jpeg; path = image65.jpg; sourceTree = "<group>"; };
		3FFC79A5224FE3B0009F9DCF /* image19.jpg */ = {isa = PBXFileReference; lastKnownFileType = image.jpeg; path = image19.jpg; sourceTree = "<group>"; };
		3FFC79A6224FE3B0009F9DCF /* image8.jpg */ = {isa = PBXFileReference; lastKnownFileType = image.jpeg; path = image8.jpg; sourceTree = "<group>"; };
		3FFC79A7224FE3B0009F9DCF /* image23.jpg */ = {isa = PBXFileReference; lastKnownFileType = image.jpeg; path = image23.jpg; sourceTree = "<group>"; };
		3FFC79A8224FE3B0009F9DCF /* image15.png */ = {isa = PBXFileReference; lastKnownFileType = image.png; path = image15.png; sourceTree = "<group>"; };
		3FFC79A9224FE3B1009F9DCF /* image47.jpg */ = {isa = PBXFileReference; lastKnownFileType = image.jpeg; path = image47.jpg; sourceTree = "<group>"; };
		3FFC79AA224FE3B1009F9DCF /* image2.jpg */ = {isa = PBXFileReference; lastKnownFileType = image.jpeg; path = image2.jpg; sourceTree = "<group>"; };
		3FFC79AB224FE3B1009F9DCF /* image10.jpg */ = {isa = PBXFileReference; lastKnownFileType = image.jpeg; path = image10.jpg; sourceTree = "<group>"; };
		3FFC79AC224FE3B1009F9DCF /* image41.jpg */ = {isa = PBXFileReference; lastKnownFileType = image.jpeg; path = image41.jpg; sourceTree = "<group>"; };
		3FFC79AD224FE3B2009F9DCF /* image45.jpg */ = {isa = PBXFileReference; lastKnownFileType = image.jpeg; path = image45.jpg; sourceTree = "<group>"; };
		3FFC79AE224FE3B2009F9DCF /* image39.jpg */ = {isa = PBXFileReference; lastKnownFileType = image.jpeg; path = image39.jpg; sourceTree = "<group>"; };
		3FFC79AF224FE3B2009F9DCF /* image64.jpg */ = {isa = PBXFileReference; lastKnownFileType = image.jpeg; path = image64.jpg; sourceTree = "<group>"; };
		3FFC79B0224FE3B2009F9DCF /* image3.jpg */ = {isa = PBXFileReference; lastKnownFileType = image.jpeg; path = image3.jpg; sourceTree = "<group>"; };
		3FFC79B1224FE3B2009F9DCF /* image28.jpg */ = {isa = PBXFileReference; lastKnownFileType = image.jpeg; path = image28.jpg; sourceTree = "<group>"; };
		3FFC79B2224FE3B3009F9DCF /* image58.jpg */ = {isa = PBXFileReference; lastKnownFileType = image.jpeg; path = image58.jpg; sourceTree = "<group>"; };
		3FFC79F822502E22009F9DCF /* AtlanticSalmonPage.swift */ = {isa = PBXFileReference; lastKnownFileType = sourcecode.swift; path = AtlanticSalmonPage.swift; sourceTree = "<group>"; };
		3FFC79FA225039DC009F9DCF /* BrookTroutPage.swift */ = {isa = PBXFileReference; lastKnownFileType = sourcecode.swift; path = BrookTroutPage.swift; sourceTree = "<group>"; };
		3FFC79FC22503A16009F9DCF /* BrownTroutPage.swift */ = {isa = PBXFileReference; lastKnownFileType = sourcecode.swift; path = BrownTroutPage.swift; sourceTree = "<group>"; };
		3FFC79FE22503A3D009F9DCF /* ChinookSalmonPage.swift */ = {isa = PBXFileReference; lastKnownFileType = sourcecode.swift; path = ChinookSalmonPage.swift; sourceTree = "<group>"; };
		3FFC7A0022503A5F009F9DCF /* CohoSalmonPage.swift */ = {isa = PBXFileReference; lastKnownFileType = sourcecode.swift; path = CohoSalmonPage.swift; sourceTree = "<group>"; };
		3FFC7A0222503A90009F9DCF /* LakeSturgeonPage.swift */ = {isa = PBXFileReference; lastKnownFileType = sourcecode.swift; path = LakeSturgeonPage.swift; sourceTree = "<group>"; };
		3FFC7A0422503AB4009F9DCF /* LakeTroutPage.swift */ = {isa = PBXFileReference; lastKnownFileType = sourcecode.swift; path = LakeTroutPage.swift; sourceTree = "<group>"; };
		3FFC7A0622503AD9009F9DCF /* MuskellungePage.swift */ = {isa = PBXFileReference; lastKnownFileType = sourcecode.swift; path = MuskellungePage.swift; sourceTree = "<group>"; };
		3FFC7A0822503AFE009F9DCF /* RainbowTroutPage.swift */ = {isa = PBXFileReference; lastKnownFileType = sourcecode.swift; path = RainbowTroutPage.swift; sourceTree = "<group>"; };
		3FFC7A0A22503B21009F9DCF /* SteelheadTroutPage.swift */ = {isa = PBXFileReference; lastKnownFileType = sourcecode.swift; path = SteelheadTroutPage.swift; sourceTree = "<group>"; };
		3FFC7A0C22503B40009F9DCF /* WalleyePage.swift */ = {isa = PBXFileReference; lastKnownFileType = sourcecode.swift; path = WalleyePage.swift; sourceTree = "<group>"; };
		3FFE84F12218A05700FA379E /* underwater.png */ = {isa = PBXFileReference; lastKnownFileType = image.png; path = underwater.png; sourceTree = "<group>"; };
		BCAD7DDA2206244F000011E5 /* DNRFishGame.app */ = {isa = PBXFileReference; explicitFileType = wrapper.application; includeInIndex = 0; path = DNRFishGame.app; sourceTree = BUILT_PRODUCTS_DIR; };
		BCAD7DDD2206244F000011E5 /* AppDelegate.swift */ = {isa = PBXFileReference; lastKnownFileType = sourcecode.swift; path = AppDelegate.swift; sourceTree = "<group>"; };
		BCAD7DDF2206244F000011E5 /* ViewController.swift */ = {isa = PBXFileReference; lastKnownFileType = sourcecode.swift; path = ViewController.swift; sourceTree = "<group>"; };
		BCAD7DE22206244F000011E5 /* Base */ = {isa = PBXFileReference; lastKnownFileType = file.storyboard; name = Base; path = Base.lproj/Main.storyboard; sourceTree = "<group>"; };
		BCAD7DE422062451000011E5 /* Assets */ = {isa = PBXFileReference; lastKnownFileType = folder; path = Assets; sourceTree = "<group>"; };
		BCAD7DE722062451000011E5 /* Base */ = {isa = PBXFileReference; lastKnownFileType = file.storyboard; name = Base; path = Base.lproj/LaunchScreen.storyboard; sourceTree = "<group>"; };
		BCAD7DE922062451000011E5 /* Info.plist */ = {isa = PBXFileReference; lastKnownFileType = text.plist.xml; path = Info.plist; sourceTree = "<group>"; };
		BCB534FC224178F9006A8766 /* PuzzleView.xib */ = {isa = PBXFileReference; lastKnownFileType = file.xib; path = PuzzleView.xib; sourceTree = "<group>"; };
		BCB534FE2241793F006A8766 /* PuzzleView.swift */ = {isa = PBXFileReference; lastKnownFileType = sourcecode.swift; path = PuzzleView.swift; sourceTree = "<group>"; };
/* End PBXFileReference section */

/* Begin PBXFrameworksBuildPhase section */
		BCAD7DD72206244F000011E5 /* Frameworks */ = {
			isa = PBXFrameworksBuildPhase;
			buildActionMask = 2147483647;
			files = (
			);
			runOnlyForDeploymentPostprocessing = 0;
		};
/* End PBXFrameworksBuildPhase section */

/* Begin PBXGroup section */
		3FFC796B224FE359009F9DCF /* DNR Images */ = {
			isa = PBXGroup;
			children = (
				3FFC797E224FE3A7009F9DCF /* image1.jpg */,
				3FFC79AA224FE3B1009F9DCF /* image2.jpg */,
				3FFC79B0224FE3B2009F9DCF /* image3.jpg */,
				3FFC799D224FE3AE009F9DCF /* image4.jpg */,
				3FFC7973224FE3A5009F9DCF /* image5.jpg */,
				3FFC7976224FE3A6009F9DCF /* image6.jpg */,
				3FFC799E224FE3AE009F9DCF /* image7.jpg */,
				3FFC79A6224FE3B0009F9DCF /* image8.jpg */,
				3FFC7975224FE3A6009F9DCF /* image9.jpg */,
				3FFC79AB224FE3B1009F9DCF /* image10.jpg */,
				3FFC79A3224FE3AF009F9DCF /* image11.png */,
				3FFC7991224FE3AB009F9DCF /* image12.png */,
				3FFC7987224FE3A9009F9DCF /* image13.png */,
				3FFC7997224FE3AD009F9DCF /* image14.png */,
				3FFC79A8224FE3B0009F9DCF /* image15.png */,
				3FFC797F224FE3A7009F9DCF /* image16.png */,
				3FFC7982224FE3A8009F9DCF /* image17.png */,
				3FFC798D224FE3AA009F9DCF /* image18.jpg */,
				3FFC79A5224FE3B0009F9DCF /* image19.jpg */,
				3FFC7989224FE3A9009F9DCF /* image20.jpg */,
				3FFC7986224FE3A9009F9DCF /* image21.jpg */,
				3FFC7972224FE3A5009F9DCF /* image22.jpg */,
				3FFC79A7224FE3B0009F9DCF /* image23.jpg */,
				3FFC796F224FE3A5009F9DCF /* image24.jpg */,
				3FFC799C224FE3AE009F9DCF /* image25.jpg */,
				3FFC7981224FE3A8009F9DCF /* image26.jpg */,
				3FFC798A224FE3AA009F9DCF /* image27.jpg */,
				3FFC79B1224FE3B2009F9DCF /* image28.jpg */,
				3FFC798B224FE3AA009F9DCF /* image29.jpg */,
				3FFC7988224FE3A9009F9DCF /* image30.jpg */,
				3FFC7980224FE3A7009F9DCF /* image31.jpg */,
				3FFC7985224FE3A8009F9DCF /* image32.jpg */,
				3FFC797C224FE3A7009F9DCF /* image33.jpg */,
				3FFC797D224FE3A7009F9DCF /* image34.jpg */,
				3FFC7974224FE3A6009F9DCF /* image35.jpg */,
				3FFC7990224FE3AB009F9DCF /* image36.jpg */,
				3FFC7970224FE3A5009F9DCF /* image37.jpg */,
				3FFC7996224FE3AC009F9DCF /* image38.jpg */,
				3FFC79AE224FE3B2009F9DCF /* image39.jpg */,
				3FFC7994224FE3AC009F9DCF /* image40.jpg */,
				3FFC79AC224FE3B1009F9DCF /* image41.jpg */,
				3FFC799F224FE3AE009F9DCF /* image42.jpg */,
				3FFC796E224FE3A5009F9DCF /* image43.jpg */,
				3FFC79A0224FE3AF009F9DCF /* image44.jpg */,
				3FFC79AD224FE3B2009F9DCF /* image45.jpg */,
				3FFC7995224FE3AC009F9DCF /* image46.jpg */,
				3FFC79A9224FE3B1009F9DCF /* image47.jpg */,
				3FFC799A224FE3AD009F9DCF /* image48.jpg */,
				3FFC7992224FE3AB009F9DCF /* image49.jpg */,
				3FFC79A1224FE3AF009F9DCF /* image50.jpg */,
				3FFC7971224FE3A5009F9DCF /* image51.jpg */,
				3FFC7983224FE3A8009F9DCF /* image52.png */,
				3FFC798E224FE3AB009F9DCF /* image53.png */,
				3FFC7993224FE3AC009F9DCF /* image54.jpg */,
				3FFC7979224FE3A6009F9DCF /* image55.jpg */,
				3FFC79A2224FE3AF009F9DCF /* image56.jpg */,
				3FFC797A224FE3A7009F9DCF /* image57.png */,
				3FFC79B2224FE3B3009F9DCF /* image58.jpg */,
				3FFC7977224FE3A6009F9DCF /* image59.jpg */,
				3FFC7998224FE3AD009F9DCF /* image60.jpg */,
				3FFC798F224FE3AB009F9DCF /* image61.jpg */,
				3FFC798C224FE3AA009F9DCF /* image62.jpg */,
				3FFC799B224FE3AE009F9DCF /* image63.jpg */,
				3FFC79AF224FE3B2009F9DCF /* image64.jpg */,
				3FFC79A4224FE3AF009F9DCF /* image65.jpg */,
				3FFC7999224FE3AD009F9DCF /* image66.jpg */,
				3FFC7984224FE3A8009F9DCF /* image67.jpg */,
				3FFC7978224FE3A6009F9DCF /* image68.jpg */,
				3FFC797B224FE3A7009F9DCF /* image69.jpg */,
			);
			path = "DNR Images";
			sourceTree = "<group>";
		};
		3FFE84F022189FF600FA379E /* Fish */ = {
			isa = PBXGroup;
			children = (
				3F8354CC222F1D4500BFA45E /* Atlantic Salmon (Cleaned).png */,
				3F8354D2222F1D4600BFA45E /* Brook Trout (Cleaned).png */,
				3F8354D1222F1D4500BFA45E /* Brown Trout (Cleaned).png */,
				3F8354D3222F1D4600BFA45E /* Chinook Salmon (Cleaned).png */,
				3F8354D0222F1D4500BFA45E /* Coho Salmon (Cleaned).png */,
				3F8354D4222F1D4600BFA45E /* Lake Sturgeon.png */,
				3F8354CE222F1D4500BFA45E /* Lake Trout (Cleaned).png */,
				3F8354CF222F1D4500BFA45E /* Muskellunge.png */,
				3F8354CA222F1D4500BFA45E /* Rainbow Trout (Cleaned).png */,
				3F8354CB222F1D4500BFA45E /* Steelhead Trout (Cleaned).png */,
				3F8354CD222F1D4500BFA45E /* Walleye.png */,
			);
			name = Fish;
			path = "New Group";
			sourceTree = "<group>";
		};
		3FFE84F52218B45300FA379E /* Backgrounds */ = {
			isa = PBXGroup;
			children = (
				3FFE84F12218A05700FA379E /* underwater.png */,
			);
			path = Backgrounds;
			sourceTree = "<group>";
		};
		BCAD7DD12206244F000011E5 = {
			isa = PBXGroup;
			children = (
				BCAD7DDC2206244F000011E5 /* DNRFishGame */,
				BCAD7DDB2206244F000011E5 /* Products */,
			);
			sourceTree = "<group>";
		};
		BCAD7DDB2206244F000011E5 /* Products */ = {
			isa = PBXGroup;
			children = (
				BCAD7DDA2206244F000011E5 /* DNRFishGame.app */,
			);
			name = Products;
			sourceTree = "<group>";
		};
		BCAD7DDC2206244F000011E5 /* DNRFishGame */ = {
			isa = PBXGroup;
			children = (
				3FFE84F52218B45300FA379E /* Backgrounds */,
				3FFE84F022189FF600FA379E /* Fish */,
				3FFC796B224FE359009F9DCF /* DNR Images */,
				BCAD7DDD2206244F000011E5 /* AppDelegate.swift */,
				BCAD7DDF2206244F000011E5 /* ViewController.swift */,
				BCB534FE2241793F006A8766 /* PuzzleView.swift */,
				BCAD7DE12206244F000011E5 /* Main.storyboard */,
				3FFC79F822502E22009F9DCF /* AtlanticSalmonPage.swift */,
				3FFC79FA225039DC009F9DCF /* BrookTroutPage.swift */,
				3FFC79FC22503A16009F9DCF /* BrownTroutPage.swift */,
				3FFC79FE22503A3D009F9DCF /* ChinookSalmonPage.swift */,
				3FFC7A0022503A5F009F9DCF /* CohoSalmonPage.swift */,
				3FFC7A0222503A90009F9DCF /* LakeSturgeonPage.swift */,
				3FFC7A0422503AB4009F9DCF /* LakeTroutPage.swift */,
				3FFC7A0622503AD9009F9DCF /* MuskellungePage.swift */,
				3FFC7A0822503AFE009F9DCF /* RainbowTroutPage.swift */,
				3FFC7A0A22503B21009F9DCF /* SteelheadTroutPage.swift */,
				3FFC7A0C22503B40009F9DCF /* WalleyePage.swift */,
				BCB534FC224178F9006A8766 /* PuzzleView.xib */,
				BCAD7DE422062451000011E5 /* Assets */,
				BCAD7DE622062451000011E5 /* LaunchScreen.storyboard */,
				BCAD7DE922062451000011E5 /* Info.plist */,
			);
			path = DNRFishGame;
			sourceTree = "<group>";
		};
/* End PBXGroup section */

/* Begin PBXNativeTarget section */
		BCAD7DD92206244F000011E5 /* DNRFishGame */ = {
			isa = PBXNativeTarget;
			buildConfigurationList = BCAD7DEC22062451000011E5 /* Build configuration list for PBXNativeTarget "DNRFishGame" */;
			buildPhases = (
				BCAD7DD62206244F000011E5 /* Sources */,
				BCAD7DD72206244F000011E5 /* Frameworks */,
				BCAD7DD82206244F000011E5 /* Resources */,
			);
			buildRules = (
			);
			dependencies = (
			);
			name = DNRFishGame;
			productName = DNRFishGame;
			productReference = BCAD7DDA2206244F000011E5 /* DNRFishGame.app */;
			productType = "com.apple.product-type.application";
		};
/* End PBXNativeTarget section */

/* Begin PBXProject section */
		BCAD7DD22206244F000011E5 /* Project object */ = {
			isa = PBXProject;
			attributes = {
				LastSwiftUpdateCheck = 0940;
				LastUpgradeCheck = 0940;
				ORGANIZATIONNAME = LSSU;
				TargetAttributes = {
					BCAD7DD92206244F000011E5 = {
						CreatedOnToolsVersion = 9.4.1;
					};
				};
			};
			buildConfigurationList = BCAD7DD52206244F000011E5 /* Build configuration list for PBXProject "DNRFishGame" */;
			compatibilityVersion = "Xcode 9.3";
			developmentRegion = en;
			hasScannedForEncodings = 0;
			knownRegions = (
				en,
				Base,
			);
			mainGroup = BCAD7DD12206244F000011E5;
			productRefGroup = BCAD7DDB2206244F000011E5 /* Products */;
			projectDirPath = "";
			projectRoot = "";
			targets = (
				BCAD7DD92206244F000011E5 /* DNRFishGame */,
			);
		};
/* End PBXProject section */

/* Begin PBXResourcesBuildPhase section */
		BCAD7DD82206244F000011E5 /* Resources */ = {
			isa = PBXResourcesBuildPhase;
			buildActionMask = 2147483647;
			files = (
				3F8354DD222F1D4600BFA45E /* Brook Trout (Cleaned).png in Resources */,
				3F8354DA222F1D4600BFA45E /* Muskellunge.png in Resources */,
				3FFC79D8224FE3B3009F9DCF /* image54.jpg in Resources */,
				3FFC79CA224FE3B3009F9DCF /* image32.jpg in Resources */,
				3FFC79D7224FE3B3009F9DCF /* image49.jpg in Resources */,
				3FFC79BD224FE3B3009F9DCF /* image68.jpg in Resources */,
				3FFC79D1224FE3B3009F9DCF /* image62.jpg in Resources */,
				3FFC79D9224FE3B3009F9DCF /* image40.jpg in Resources */,
				3FFC79E1224FE3B3009F9DCF /* image25.jpg in Resources */,
				3F8354D7222F1D4600BFA45E /* Atlantic Salmon (Cleaned).png in Resources */,
				3FFC79C2224FE3B3009F9DCF /* image34.jpg in Resources */,
				3FFC79C6224FE3B3009F9DCF /* image26.jpg in Resources */,
				3FFC79C3224FE3B3009F9DCF /* image1.jpg in Resources */,
				3F8354D8222F1D4600BFA45E /* Walleye.png in Resources */,
				3FFC79B3224FE3B3009F9DCF /* image43.jpg in Resources */,
				3FFC79E5224FE3B3009F9DCF /* image44.jpg in Resources */,
				3FFC79F1224FE3B3009F9DCF /* image41.jpg in Resources */,
				BCB534FD224178F9006A8766 /* PuzzleView.xib in Resources */,
				3F8354D6222F1D4600BFA45E /* Steelhead Trout (Cleaned).png in Resources */,
				3FFC79BF224FE3B3009F9DCF /* image57.png in Resources */,
				3FFC79DE224FE3B3009F9DCF /* image66.jpg in Resources */,
				3FFC79B8224FE3B3009F9DCF /* image5.jpg in Resources */,
				3FFC79F2224FE3B3009F9DCF /* image45.jpg in Resources */,
				3FFC79EB224FE3B3009F9DCF /* image8.jpg in Resources */,
				BCAD7DE822062451000011E5 /* LaunchScreen.storyboard in Resources */,
				3FFC79ED224FE3B3009F9DCF /* image15.png in Resources */,
				3FFC79BC224FE3B3009F9DCF /* image59.jpg in Resources */,
				3FFC79DC224FE3B3009F9DCF /* image14.png in Resources */,
				3FFC79BE224FE3B3009F9DCF /* image55.jpg in Resources */,
				3FFC79EC224FE3B3009F9DCF /* image23.jpg in Resources */,
				3FFC79C8224FE3B3009F9DCF /* image52.png in Resources */,
				3FFC79E7224FE3B3009F9DCF /* image56.jpg in Resources */,
				3FFC79D0224FE3B3009F9DCF /* image29.jpg in Resources */,
				3F8354DB222F1D4600BFA45E /* Coho Salmon (Cleaned).png in Resources */,
				3FFC79C0224FE3B3009F9DCF /* image69.jpg in Resources */,
				3FFC79F3224FE3B3009F9DCF /* image39.jpg in Resources */,
				3FFC79D4224FE3B3009F9DCF /* image61.jpg in Resources */,
				3FFC79E6224FE3B3009F9DCF /* image50.jpg in Resources */,
				3FFE84F22218A05700FA379E /* underwater.png in Resources */,
				3FFC79D6224FE3B3009F9DCF /* image12.png in Resources */,
				3FFC79CD224FE3B3009F9DCF /* image30.jpg in Resources */,
				3FFC79C5224FE3B3009F9DCF /* image31.jpg in Resources */,
				3FFC79CE224FE3B3009F9DCF /* image20.jpg in Resources */,
				3FFC79F5224FE3B3009F9DCF /* image3.jpg in Resources */,
				3FFC79F4224FE3B3009F9DCF /* image64.jpg in Resources */,
				3FFC79E8224FE3B3009F9DCF /* image11.png in Resources */,
				3F8354DC222F1D4600BFA45E /* Brown Trout (Cleaned).png in Resources */,
				3FFC79DB224FE3B3009F9DCF /* image38.jpg in Resources */,
				3FFC79B4224FE3B3009F9DCF /* image24.jpg in Resources */,
				3FFC79D5224FE3B3009F9DCF /* image36.jpg in Resources */,
				3FFC79E9224FE3B3009F9DCF /* image65.jpg in Resources */,
				3FFC79B5224FE3B3009F9DCF /* image37.jpg in Resources */,
				3FFC79C7224FE3B3009F9DCF /* image17.png in Resources */,
				3FFC79CB224FE3B3009F9DCF /* image21.jpg in Resources */,
				3FFC79E3224FE3B3009F9DCF /* image7.jpg in Resources */,
				3FFC79EA224FE3B3009F9DCF /* image19.jpg in Resources */,
				3FFC79CF224FE3B3009F9DCF /* image27.jpg in Resources */,
				3F8354DE222F1D4600BFA45E /* Chinook Salmon (Cleaned).png in Resources */,
				3FFC79D3224FE3B3009F9DCF /* image53.png in Resources */,
				3FFC79F6224FE3B3009F9DCF /* image28.jpg in Resources */,
				3F8354D9222F1D4600BFA45E /* Lake Trout (Cleaned).png in Resources */,
				3FFC79EF224FE3B3009F9DCF /* image2.jpg in Resources */,
				3FFC79CC224FE3B3009F9DCF /* image13.png in Resources */,
				3FFC79E4224FE3B3009F9DCF /* image42.jpg in Resources */,
				3FFC79C1224FE3B3009F9DCF /* image33.jpg in Resources */,
				3FFC79C4224FE3B3009F9DCF /* image16.png in Resources */,
				3FFC79E2224FE3B3009F9DCF /* image4.jpg in Resources */,
				3FFC79EE224FE3B3009F9DCF /* image47.jpg in Resources */,
				3FFC79BB224FE3B3009F9DCF /* image6.jpg in Resources */,
				3FFC79D2224FE3B3009F9DCF /* image18.jpg in Resources */,
				3F8354D5222F1D4600BFA45E /* Rainbow Trout (Cleaned).png in Resources */,
				3F8354DF222F1D4600BFA45E /* Lake Sturgeon.png in Resources */,
				3FFC79DF224FE3B3009F9DCF /* image48.jpg in Resources */,
				3FFC79C9224FE3B3009F9DCF /* image67.jpg in Resources */,
				3FFC79F0224FE3B3009F9DCF /* image10.jpg in Resources */,
				3FFC79B9224FE3B3009F9DCF /* image35.jpg in Resources */,
				BCAD7DE522062451000011E5 /* Assets in Resources */,
				3FFC79F7224FE3B3009F9DCF /* image58.jpg in Resources */,
				BCAD7DE32206244F000011E5 /* Main.storyboard in Resources */,
				3FFC79BA224FE3B3009F9DCF /* image9.jpg in Resources */,
				3FFC79B6224FE3B3009F9DCF /* image51.jpg in Resources */,
				3FFC79DD224FE3B3009F9DCF /* image60.jpg in Resources */,
				3FFC79B7224FE3B3009F9DCF /* image22.jpg in Resources */,
				3FFC79E0224FE3B3009F9DCF /* image63.jpg in Resources */,
				3FFC79DA224FE3B3009F9DCF /* image46.jpg in Resources */,
			);
			runOnlyForDeploymentPostprocessing = 0;
		};
/* End PBXResourcesBuildPhase section */

/* Begin PBXSourcesBuildPhase section */
		BCAD7DD62206244F000011E5 /* Sources */ = {
			isa = PBXSourcesBuildPhase;
			buildActionMask = 2147483647;
			files = (
				3FFC79FD22503A16009F9DCF /* BrownTroutPage.swift in Sources */,
				BCB534FF2241793F006A8766 /* PuzzleView.swift in Sources */,
				3FFC79FF22503A3D009F9DCF /* ChinookSalmonPage.swift in Sources */,
				BCAD7DE02206244F000011E5 /* ViewController.swift in Sources */,
				3FFC7A0522503AB4009F9DCF /* LakeTroutPage.swift in Sources */,
				3FFC79F922502E22009F9DCF /* AtlanticSalmonPage.swift in Sources */,
				3FFC79FB225039DC009F9DCF /* BrookTroutPage.swift in Sources */,
				3FFC7A0B22503B21009F9DCF /* SteelheadTroutPage.swift in Sources */,
				3FFC7A0D22503B40009F9DCF /* WalleyePage.swift in Sources */,
				3FFC7A0322503A90009F9DCF /* LakeSturgeonPage.swift in Sources */,
				BCAD7DDE2206244F000011E5 /* AppDelegate.swift in Sources */,
				3FFC7A0722503AD9009F9DCF /* MuskellungePage.swift in Sources */,
				3FFC7A0922503AFE009F9DCF /* RainbowTroutPage.swift in Sources */,
				3FFC7A0122503A5F009F9DCF /* CohoSalmonPage.swift in Sources */,
			);
			runOnlyForDeploymentPostprocessing = 0;
		};
/* End PBXSourcesBuildPhase section */

/* Begin PBXVariantGroup section */
		BCAD7DE12206244F000011E5 /* Main.storyboard */ = {
			isa = PBXVariantGroup;
			children = (
				BCAD7DE22206244F000011E5 /* Base */,
			);
			name = Main.storyboard;
			sourceTree = "<group>";
		};
		BCAD7DE622062451000011E5 /* LaunchScreen.storyboard */ = {
			isa = PBXVariantGroup;
			children = (
				BCAD7DE722062451000011E5 /* Base */,
			);
			name = LaunchScreen.storyboard;
			sourceTree = "<group>";
		};
/* End PBXVariantGroup section */

/* Begin XCBuildConfiguration section */
		BCAD7DEA22062451000011E5 /* Debug */ = {
			isa = XCBuildConfiguration;
			buildSettings = {
				ALWAYS_SEARCH_USER_PATHS = NO;
				CLANG_ANALYZER_NONNULL = YES;
				CLANG_ANALYZER_NUMBER_OBJECT_CONVERSION = YES_AGGRESSIVE;
				CLANG_CXX_LANGUAGE_STANDARD = "gnu++14";
				CLANG_CXX_LIBRARY = "libc++";
				CLANG_ENABLE_MODULES = YES;
				CLANG_ENABLE_OBJC_ARC = YES;
				CLANG_ENABLE_OBJC_WEAK = YES;
				CLANG_WARN_BLOCK_CAPTURE_AUTORELEASING = YES;
				CLANG_WARN_BOOL_CONVERSION = YES;
				CLANG_WARN_COMMA = YES;
				CLANG_WARN_CONSTANT_CONVERSION = YES;
				CLANG_WARN_DEPRECATED_OBJC_IMPLEMENTATIONS = YES;
				CLANG_WARN_DIRECT_OBJC_ISA_USAGE = YES_ERROR;
				CLANG_WARN_DOCUMENTATION_COMMENTS = YES;
				CLANG_WARN_EMPTY_BODY = YES;
				CLANG_WARN_ENUM_CONVERSION = YES;
				CLANG_WARN_INFINITE_RECURSION = YES;
				CLANG_WARN_INT_CONVERSION = YES;
				CLANG_WARN_NON_LITERAL_NULL_CONVERSION = YES;
				CLANG_WARN_OBJC_IMPLICIT_RETAIN_SELF = YES;
				CLANG_WARN_OBJC_LITERAL_CONVERSION = YES;
				CLANG_WARN_OBJC_ROOT_CLASS = YES_ERROR;
				CLANG_WARN_RANGE_LOOP_ANALYSIS = YES;
				CLANG_WARN_STRICT_PROTOTYPES = YES;
				CLANG_WARN_SUSPICIOUS_MOVE = YES;
				CLANG_WARN_UNGUARDED_AVAILABILITY = YES_AGGRESSIVE;
				CLANG_WARN_UNREACHABLE_CODE = YES;
				CLANG_WARN__DUPLICATE_METHOD_MATCH = YES;
				CODE_SIGN_IDENTITY = "iPhone Developer";
				COPY_PHASE_STRIP = NO;
				DEBUG_INFORMATION_FORMAT = dwarf;
				ENABLE_STRICT_OBJC_MSGSEND = YES;
				ENABLE_TESTABILITY = YES;
				GCC_C_LANGUAGE_STANDARD = gnu11;
				GCC_DYNAMIC_NO_PIC = NO;
				GCC_NO_COMMON_BLOCKS = YES;
				GCC_OPTIMIZATION_LEVEL = 0;
				GCC_PREPROCESSOR_DEFINITIONS = (
					"DEBUG=1",
					"$(inherited)",
				);
				GCC_WARN_64_TO_32_BIT_CONVERSION = YES;
				GCC_WARN_ABOUT_RETURN_TYPE = YES_ERROR;
				GCC_WARN_UNDECLARED_SELECTOR = YES;
				GCC_WARN_UNINITIALIZED_AUTOS = YES_AGGRESSIVE;
				GCC_WARN_UNUSED_FUNCTION = YES;
				GCC_WARN_UNUSED_VARIABLE = YES;
				IPHONEOS_DEPLOYMENT_TARGET = 11.4;
				MTL_ENABLE_DEBUG_INFO = YES;
				ONLY_ACTIVE_ARCH = YES;
				SDKROOT = iphoneos;
				SWIFT_ACTIVE_COMPILATION_CONDITIONS = DEBUG;
				SWIFT_OPTIMIZATION_LEVEL = "-Onone";
			};
			name = Debug;
		};
		BCAD7DEB22062451000011E5 /* Release */ = {
			isa = XCBuildConfiguration;
			buildSettings = {
				ALWAYS_SEARCH_USER_PATHS = NO;
				CLANG_ANALYZER_NONNULL = YES;
				CLANG_ANALYZER_NUMBER_OBJECT_CONVERSION = YES_AGGRESSIVE;
				CLANG_CXX_LANGUAGE_STANDARD = "gnu++14";
				CLANG_CXX_LIBRARY = "libc++";
				CLANG_ENABLE_MODULES = YES;
				CLANG_ENABLE_OBJC_ARC = YES;
				CLANG_ENABLE_OBJC_WEAK = YES;
				CLANG_WARN_BLOCK_CAPTURE_AUTORELEASING = YES;
				CLANG_WARN_BOOL_CONVERSION = YES;
				CLANG_WARN_COMMA = YES;
				CLANG_WARN_CONSTANT_CONVERSION = YES;
				CLANG_WARN_DEPRECATED_OBJC_IMPLEMENTATIONS = YES;
				CLANG_WARN_DIRECT_OBJC_ISA_USAGE = YES_ERROR;
				CLANG_WARN_DOCUMENTATION_COMMENTS = YES;
				CLANG_WARN_EMPTY_BODY = YES;
				CLANG_WARN_ENUM_CONVERSION = YES;
				CLANG_WARN_INFINITE_RECURSION = YES;
				CLANG_WARN_INT_CONVERSION = YES;
				CLANG_WARN_NON_LITERAL_NULL_CONVERSION = YES;
				CLANG_WARN_OBJC_IMPLICIT_RETAIN_SELF = YES;
				CLANG_WARN_OBJC_LITERAL_CONVERSION = YES;
				CLANG_WARN_OBJC_ROOT_CLASS = YES_ERROR;
				CLANG_WARN_RANGE_LOOP_ANALYSIS = YES;
				CLANG_WARN_STRICT_PROTOTYPES = YES;
				CLANG_WARN_SUSPICIOUS_MOVE = YES;
				CLANG_WARN_UNGUARDED_AVAILABILITY = YES_AGGRESSIVE;
				CLANG_WARN_UNREACHABLE_CODE = YES;
				CLANG_WARN__DUPLICATE_METHOD_MATCH = YES;
				CODE_SIGN_IDENTITY = "iPhone Developer";
				COPY_PHASE_STRIP = NO;
				DEBUG_INFORMATION_FORMAT = "dwarf-with-dsym";
				ENABLE_NS_ASSERTIONS = NO;
				ENABLE_STRICT_OBJC_MSGSEND = YES;
				GCC_C_LANGUAGE_STANDARD = gnu11;
				GCC_NO_COMMON_BLOCKS = YES;
				GCC_WARN_64_TO_32_BIT_CONVERSION = YES;
				GCC_WARN_ABOUT_RETURN_TYPE = YES_ERROR;
				GCC_WARN_UNDECLARED_SELECTOR = YES;
				GCC_WARN_UNINITIALIZED_AUTOS = YES_AGGRESSIVE;
				GCC_WARN_UNUSED_FUNCTION = YES;
				GCC_WARN_UNUSED_VARIABLE = YES;
				IPHONEOS_DEPLOYMENT_TARGET = 11.4;
				MTL_ENABLE_DEBUG_INFO = NO;
				SDKROOT = iphoneos;
				SWIFT_COMPILATION_MODE = wholemodule;
				SWIFT_OPTIMIZATION_LEVEL = "-O";
				VALIDATE_PRODUCT = YES;
			};
			name = Release;
		};
		BCAD7DED22062451000011E5 /* Debug */ = {
			isa = XCBuildConfiguration;
			buildSettings = {
				ASSETCATALOG_COMPILER_APPICON_NAME = AppIcon;
				CODE_SIGN_STYLE = Automatic;
				DEVELOPMENT_TEAM = X5AD64S9ZA;
				INFOPLIST_FILE = DNRFishGame/Info.plist;
				IPHONEOS_DEPLOYMENT_TARGET = 9.0;
				LD_RUNPATH_SEARCH_PATHS = (
					"$(inherited)",
					"@executable_path/Frameworks",
				);
				PRODUCT_BUNDLE_IDENTIFIER = LSSU.DNRFishGame;
				PRODUCT_NAME = "$(TARGET_NAME)";
				SWIFT_VERSION = 4.0;
				TARGETED_DEVICE_FAMILY = 2;
			};
			name = Debug;
		};
		BCAD7DEE22062451000011E5 /* Release */ = {
			isa = XCBuildConfiguration;
			buildSettings = {
				ASSETCATALOG_COMPILER_APPICON_NAME = AppIcon;
				CODE_SIGN_STYLE = Automatic;
				DEVELOPMENT_TEAM = X5AD64S9ZA;
				INFOPLIST_FILE = DNRFishGame/Info.plist;
				IPHONEOS_DEPLOYMENT_TARGET = 9.0;
				LD_RUNPATH_SEARCH_PATHS = (
					"$(inherited)",
					"@executable_path/Frameworks",
				);
				PRODUCT_BUNDLE_IDENTIFIER = LSSU.DNRFishGame;
				PRODUCT_NAME = "$(TARGET_NAME)";
				SWIFT_VERSION = 4.0;
				TARGETED_DEVICE_FAMILY = 2;
			};
			name = Release;
		};
/* End XCBuildConfiguration section */

/* Begin XCConfigurationList section */
		BCAD7DD52206244F000011E5 /* Build configuration list for PBXProject "DNRFishGame" */ = {
			isa = XCConfigurationList;
			buildConfigurations = (
				BCAD7DEA22062451000011E5 /* Debug */,
				BCAD7DEB22062451000011E5 /* Release */,
			);
			defaultConfigurationIsVisible = 0;
			defaultConfigurationName = Release;
		};
		BCAD7DEC22062451000011E5 /* Build configuration list for PBXNativeTarget "DNRFishGame" */ = {
			isa = XCConfigurationList;
			buildConfigurations = (
				BCAD7DED22062451000011E5 /* Debug */,
				BCAD7DEE22062451000011E5 /* Release */,
			);
			defaultConfigurationIsVisible = 0;
			defaultConfigurationName = Release;
		};
/* End XCConfigurationList section */
	};
	rootObject = BCAD7DD22206244F000011E5 /* Project object */;
}
